{
  "name": "Quorlen",
  "lockfileVersion": 3,
  "requires": true,
  "packages": {
    "": {
      "dependencies": {
        "quorlen": "^1.0.2"
      }
    },
    "javascript": {
      "name": "quorlen",
      "version": "1.0.2",
      "extraneous": true,
      "license": "MIT",
      "devDependencies": {
        "@types/node": "^20.0.0",
        "ts-node": "^10.9.2",
        "typescript": "^5.4.5"
      },
      "engines": {
        "node": ">=18"
      }
    },
    "node_modules/quorlen": {
      "version": "1.0.2",
      "resolved": "https://registry.npmjs.org/quorlen/-/quorlen-1.0.2.tgz",
      "integrity": "sha512-tvBNfpmVYNhqR1tKo/D9+n+nzGtd5A5QTe1Vs0Xjc73OSwDimWY1G5nVL0TIUPuTgoFsBLhTpAJ8XeGJzE2hmg==",
      "license": "MIT",
      "engines": {
        "node": ">=18"
      }
    }
  }
}
